
Microsoft Visual Studio Solution File, Format Version 12.00
# Visual Studio Version 16
VisualStudioVersion = 16.0.33328.57
MinimumVisualStudioVersion = 10.0.40219.1
Project("{FAE04EC0-301F-11D3-BF4B-00C04F79EFBC}") = "StructHW", "StructHW.csproj", "{83FD7591-6CFE-4886-B2BF-E0754E5C1518}"
EndProject
Global
	GlobalSection(SolutionConfigurationPlatforms) = preSolution
		Debug|Any CPU = Debug|Any CPU
		Release|Any CPU = Release|Any CPU
	EndGlobalSection
	GlobalSection(ProjectConfigurationPlatforms) = postSolution
		{83FD7591-6CFE-4886-B2BF-E0754E5C1518}.Debug|Any CPU.ActiveCfg = Debug|Any CPU
		{83FD7591-6CFE-4886-B2BF-E0754E5C1518}.Debug|Any CPU.Build.0 = Debug|Any CPU
		{83FD7591-6CFE-4886-B2BF-E0754E5C1518}.Release|Any CPU.ActiveCfg = Release|Any CPU
		{83FD7591-6CFE-4886-B2BF-E0754E5C1518}.Release|Any CPU.Build.0 = Release|Any CPU
	EndGlobalSection
	GlobalSection(SolutionProperties) = preSolution
		HideSolutionNode = FALSE
	EndGlobalSection
	GlobalSection(ExtensibilityGlobals) = postSolution
		SolutionGuid = {7744814C-B5DF-42D3-A3F5-5640A8530136}
	EndGlobalSection
EndGlobal
